{
    "version": 3,
    "terraform_version": "0.11.13",
    "serial": 4,
    "lineage": "d2e55501-4e8d-a9fd-b0d2-5cacea09c5ee",
    "modules": [
        {
            "path": [
                "root"
            ],
            "outputs": {},
            "resources": {
                "aws_internet_gateway.gw": {
                    "type": "aws_internet_gateway",
                    "depends_on": [
                        "aws_vpc.test"
                    ],
                    "primary": {
                        "id": "igw-058b005a6d0597c8a",
                        "attributes": {
                            "id": "igw-058b005a6d0597c8a",
                            "owner_id": "773158767127",
                            "tags.%": "1",
                            "tags.Name": "Main",
                            "vpc_id": "vpc-0ba9a5782d83d6fb5"
                        },
                        "meta": {},
                        "tainted": false
                    },
                    "deposed": [],
                    "provider": "provider.aws"
                },
                "aws_subnet.ec2": {
                    "type": "aws_subnet",
                    "depends_on": [
                        "aws_vpc.test"
                    ],
                    "primary": {
                        "id": "subnet-0b457b7a6820031c1",
                        "attributes": {
                            "arn": "arn:aws:ec2:eu-west-2:773158767127:subnet/subnet-0b457b7a6820031c1",
                            "assign_ipv6_address_on_creation": "false",
                            "availability_zone": "eu-west-2b",
                            "availability_zone_id": "euw2-az3",
                            "cidr_block": "10.0.1.0/24",
                            "id": "subnet-0b457b7a6820031c1",
                            "ipv6_cidr_block": "",
                            "ipv6_cidr_block_association_id": "",
                            "map_public_ip_on_launch": "false",
                            "owner_id": "773158767127",
                            "tags.%": "1",
                            "tags.Name": "EC2",
                            "vpc_id": "vpc-0ba9a5782d83d6fb5"
                        },
                        "meta": {
                            "e2bfb730-ecaa-11e6-8f88-34363bc7c4c0": {
                                "create": 600000000000,
                                "delete": 600000000000
                            },
                            "schema_version": "1"
                        },
                        "tainted": false
                    },
                    "deposed": [],
                    "provider": "provider.aws"
                },
                "aws_vpc.test": {
                    "type": "aws_vpc",
                    "depends_on": [],
                    "primary": {
                        "id": "vpc-0ba9a5782d83d6fb5",
                        "attributes": {
                            "arn": "arn:aws:ec2:eu-west-2:773158767127:vpc/vpc-0ba9a5782d83d6fb5",
                            "assign_generated_ipv6_cidr_block": "false",
                            "cidr_block": "10.0.0.0/16",
                            "default_network_acl_id": "acl-07bc2c8b326e5bbc6",
                            "default_route_table_id": "rtb-064917ecf521bdc1a",
                            "default_security_group_id": "sg-00384990e3cf5fef8",
                            "dhcp_options_id": "dopt-2c136144",
                            "enable_dns_hostnames": "false",
                            "enable_dns_support": "true",
                            "id": "vpc-0ba9a5782d83d6fb5",
                            "instance_tenancy": "default",
                            "ipv6_association_id": "",
                            "ipv6_cidr_block": "",
                            "main_route_table_id": "rtb-064917ecf521bdc1a",
                            "owner_id": "773158767127",
                            "tags.%": "0"
                        },
                        "meta": {
                            "schema_version": "1"
                        },
                        "tainted": false
                    },
                    "deposed": [],
                    "provider": "provider.aws"
                }
            },
            "depends_on": []
        }
    ]
}
